
Microsoft Visual Studio Solution File, Format Version 12.00
Project("{FAE04EC0-301F-11D3-BF4B-00C04F79EFBC}") = "Finlog.Api", "Finlog.Api\Finlog.Api.csproj", "{B966F4DF-2998-48FA-9766-8657D61B1CD4}"
EndProject
Global
	GlobalSection(SolutionConfigurationPlatforms) = preSolution
		Debug|Any CPU = Debug|Any CPU
		Release|Any CPU = Release|Any CPU
	EndGlobalSection
	GlobalSection(ProjectConfigurationPlatforms) = postSolution
		{B966F4DF-2998-48FA-9766-8657D61B1CD4}.Debug|Any CPU.ActiveCfg = Debug|Any CPU
		{B966F4DF-2998-48FA-9766-8657D61B1CD4}.Debug|Any CPU.Build.0 = Debug|Any CPU
		{B966F4DF-2998-48FA-9766-8657D61B1CD4}.Release|Any CPU.ActiveCfg = Release|Any CPU
		{B966F4DF-2998-48FA-9766-8657D61B1CD4}.Release|Any CPU.Build.0 = Release|Any CPU
	EndGlobalSection
EndGlobal
